
Microsoft Visual Studio Solution File, Format Version 12.00
# Visual Studio Version 17
VisualStudioVersion = 17.1.32328.378
MinimumVisualStudioVersion = 10.0.40219.1
Project("{888888A0-9F3D-457C-B088-3A5042F75D52}") = "MoviesDownloader", "MoviesDownloader\MoviesDownloader.pyproj", "{D748C116-0D76-4FEB-8771-832483981568}"
EndProject
Global
	GlobalSection(SolutionConfigurationPlatforms) = preSolution
		Debug|Any CPU = Debug|Any CPU
		Release|Any CPU = Release|Any CPU
	EndGlobalSection
	GlobalSection(ProjectConfigurationPlatforms) = postSolution
		{D748C116-0D76-4FEB-8771-832483981568}.Debug|Any CPU.ActiveCfg = Debug|Any CPU
		{D748C116-0D76-4FEB-8771-832483981568}.Release|Any CPU.ActiveCfg = Release|Any CPU
	EndGlobalSection
	GlobalSection(SolutionProperties) = preSolution
		HideSolutionNode = FALSE
	EndGlobalSection
	GlobalSection(ExtensibilityGlobals) = postSolution
		SolutionGuid = {3FA022C8-A854-4D99-BB26-8F8B3D78D246}
	EndGlobalSection
EndGlobal
